
Microsoft Visual Studio Solution File, Format Version 12.00
# Visual Studio Version 17
VisualStudioVersion = 17.13.35931.197
MinimumVisualStudioVersion = 10.0.40219.1
Project("{FAE04EC0-301F-11D3-BF4B-00C04F79EFBC}") = "CodeNet.Api", "CodeNet.Api\CodeNet.Api.csproj", "{9814B000-EC7A-410F-87F1-8F5E84A2EA4E}"
EndProject
Project("{FAE04EC0-301F-11D3-BF4B-00C04F79EFBC}") = "CodeNet.Core", "CodeNet.Core\CodeNet.Core.csproj", "{BF208175-8BE9-480C-A9D1-49A3EC7F585C}"
EndProject
Project("{FAE04EC0-301F-11D3-BF4B-00C04F79EFBC}") = "CodeNet.Application", "CodeNet.Application\CodeNet.Application.csproj", "{C0D46471-6941-470E-AF19-80CD103744B2}"
EndProject
Project("{FAE04EC0-301F-11D3-BF4B-00C04F79EFBC}") = "CodeNet.Infrastructure", "CodeNet.Infrastructure\CodeNet.Infrastructure.csproj", "{A444D3AE-D827-41BF-9E10-51D27346EB4F}"
EndProject
Global
	GlobalSection(SolutionConfigurationPlatforms) = preSolution
		Debug|Any CPU = Debug|Any CPU
		Release|Any CPU = Release|Any CPU
	EndGlobalSection
	GlobalSection(ProjectConfigurationPlatforms) = postSolution
		{9814B000-EC7A-410F-87F1-8F5E84A2EA4E}.Debug|Any CPU.ActiveCfg = Debug|Any CPU
		{9814B000-EC7A-410F-87F1-8F5E84A2EA4E}.Debug|Any CPU.Build.0 = Debug|Any CPU
		{9814B000-EC7A-410F-87F1-8F5E84A2EA4E}.Release|Any CPU.ActiveCfg = Release|Any CPU
		{9814B000-EC7A-410F-87F1-8F5E84A2EA4E}.Release|Any CPU.Build.0 = Release|Any CPU
		{BF208175-8BE9-480C-A9D1-49A3EC7F585C}.Debug|Any CPU.ActiveCfg = Debug|Any CPU
		{BF208175-8BE9-480C-A9D1-49A3EC7F585C}.Debug|Any CPU.Build.0 = Debug|Any CPU
		{BF208175-8BE9-480C-A9D1-49A3EC7F585C}.Release|Any CPU.ActiveCfg = Release|Any CPU
		{BF208175-8BE9-480C-A9D1-49A3EC7F585C}.Release|Any CPU.Build.0 = Release|Any CPU
		{C0D46471-6941-470E-AF19-80CD103744B2}.Debug|Any CPU.ActiveCfg = Debug|Any CPU
		{C0D46471-6941-470E-AF19-80CD103744B2}.Debug|Any CPU.Build.0 = Debug|Any CPU
		{C0D46471-6941-470E-AF19-80CD103744B2}.Release|Any CPU.ActiveCfg = Release|Any CPU
		{C0D46471-6941-470E-AF19-80CD103744B2}.Release|Any CPU.Build.0 = Release|Any CPU
		{A444D3AE-D827-41BF-9E10-51D27346EB4F}.Debug|Any CPU.ActiveCfg = Debug|Any CPU
		{A444D3AE-D827-41BF-9E10-51D27346EB4F}.Debug|Any CPU.Build.0 = Debug|Any CPU
		{A444D3AE-D827-41BF-9E10-51D27346EB4F}.Release|Any CPU.ActiveCfg = Release|Any CPU
		{A444D3AE-D827-41BF-9E10-51D27346EB4F}.Release|Any CPU.Build.0 = Release|Any CPU
	EndGlobalSection
	GlobalSection(SolutionProperties) = preSolution
		HideSolutionNode = FALSE
	EndGlobalSection
	GlobalSection(ExtensibilityGlobals) = postSolution
		SolutionGuid = {E5B2D7D5-6340-460C-ABD9-59D2D585943E}
	EndGlobalSection
EndGlobal
